
Microsoft Visual Studio Solution File, Format Version 12.00
# Visual Studio Version 17
VisualStudioVersion = 17.11.35312.102
MinimumVisualStudioVersion = 10.0.40219.1
Project("{9A19103F-16F7-4668-BE54-9A1E7A4F7556}") = "API", "PM\API.csproj", "{C339A274-73AA-4B19-8A01-4ED994C6ED5F}"
EndProject
Project("{9A19103F-16F7-4668-BE54-9A1E7A4F7556}") = "Tests", "Tests\Tests.csproj", "{000B94B2-EA10-4B44-9B8E-F2412F99C78D}"
EndProject
Project("{9A19103F-16F7-4668-BE54-9A1E7A4F7556}") = "Core", "Core\Core.csproj", "{75EA9BCA-4CDB-4693-83DF-341EAC4C3065}"
EndProject
Project("{9A19103F-16F7-4668-BE54-9A1E7A4F7556}") = "Application", "Application\Application.csproj", "{BCF53F56-B6FE-4C83-A862-B6838911C81E}"
EndProject
Project("{9A19103F-16F7-4668-BE54-9A1E7A4F7556}") = "DataAccess", "DataAccess\DataAccess.csproj", "{8A1BCB8E-EA5B-422E-A8E0-8D66F333EBAF}"
EndProject
Global
	GlobalSection(SolutionConfigurationPlatforms) = preSolution
		Debug|Any CPU = Debug|Any CPU
		Release|Any CPU = Release|Any CPU
	EndGlobalSection
	GlobalSection(ProjectConfigurationPlatforms) = postSolution
		{C339A274-73AA-4B19-8A01-4ED994C6ED5F}.Debug|Any CPU.ActiveCfg = Debug|Any CPU
		{C339A274-73AA-4B19-8A01-4ED994C6ED5F}.Debug|Any CPU.Build.0 = Debug|Any CPU
		{C339A274-73AA-4B19-8A01-4ED994C6ED5F}.Release|Any CPU.ActiveCfg = Release|Any CPU
		{C339A274-73AA-4B19-8A01-4ED994C6ED5F}.Release|Any CPU.Build.0 = Release|Any CPU
		{000B94B2-EA10-4B44-9B8E-F2412F99C78D}.Debug|Any CPU.ActiveCfg = Debug|Any CPU
		{000B94B2-EA10-4B44-9B8E-F2412F99C78D}.Debug|Any CPU.Build.0 = Debug|Any CPU
		{000B94B2-EA10-4B44-9B8E-F2412F99C78D}.Release|Any CPU.ActiveCfg = Release|Any CPU
		{000B94B2-EA10-4B44-9B8E-F2412F99C78D}.Release|Any CPU.Build.0 = Release|Any CPU
		{75EA9BCA-4CDB-4693-83DF-341EAC4C3065}.Debug|Any CPU.ActiveCfg = Debug|Any CPU
		{75EA9BCA-4CDB-4693-83DF-341EAC4C3065}.Debug|Any CPU.Build.0 = Debug|Any CPU
		{75EA9BCA-4CDB-4693-83DF-341EAC4C3065}.Release|Any CPU.ActiveCfg = Release|Any CPU
		{75EA9BCA-4CDB-4693-83DF-341EAC4C3065}.Release|Any CPU.Build.0 = Release|Any CPU
		{BCF53F56-B6FE-4C83-A862-B6838911C81E}.Debug|Any CPU.ActiveCfg = Debug|Any CPU
		{BCF53F56-B6FE-4C83-A862-B6838911C81E}.Debug|Any CPU.Build.0 = Debug|Any CPU
		{BCF53F56-B6FE-4C83-A862-B6838911C81E}.Release|Any CPU.ActiveCfg = Release|Any CPU
		{BCF53F56-B6FE-4C83-A862-B6838911C81E}.Release|Any CPU.Build.0 = Release|Any CPU
		{8A1BCB8E-EA5B-422E-A8E0-8D66F333EBAF}.Debug|Any CPU.ActiveCfg = Debug|Any CPU
		{8A1BCB8E-EA5B-422E-A8E0-8D66F333EBAF}.Debug|Any CPU.Build.0 = Debug|Any CPU
		{8A1BCB8E-EA5B-422E-A8E0-8D66F333EBAF}.Release|Any CPU.ActiveCfg = Release|Any CPU
		{8A1BCB8E-EA5B-422E-A8E0-8D66F333EBAF}.Release|Any CPU.Build.0 = Release|Any CPU
	EndGlobalSection
	GlobalSection(SolutionProperties) = preSolution
		HideSolutionNode = FALSE
	EndGlobalSection
	GlobalSection(ExtensibilityGlobals) = postSolution
		SolutionGuid = {4972C8AD-E54C-483B-A17E-73949EBD6EBD}
	EndGlobalSection
EndGlobal
